Microsoft Visual Studio Solution File, Format Version 12.00
# Visual Studio Version 17
VisualStudioVersion = 17.5.2.0
MinimumVisualStudioVersion = 10.0.40219.1
Project("{2150E333-8FDC-42A3-9474-1A3956D46DE8}") = "api-ecom-project", "api-ecom-project", "{FEA9FF87-631F-B74C-F707-AF1A2A488CC4}"
EndProject
Project("{FAE04EC0-301F-11D3-BF4B-00C04F79EFBC}") = "api-ecom-project", "api-ecom-project\api-ecom-project\api-ecom-project.csproj", "{B3C3E69D-4C72-E850-87CB-CF4051951F06}"
EndProject
Global
	GlobalSection(SolutionConfigurationPlatforms) = preSolution
		Debug|Any CPU = Debug|Any CPU
		Release|Any CPU = Release|Any CPU
	EndGlobalSection
	GlobalSection(ProjectConfigurationPlatforms) = postSolution
		{B3C3E69D-4C72-E850-87CB-CF4051951F06}.Debug|Any CPU.ActiveCfg = Debug|Any CPU
		{B3C3E69D-4C72-E850-87CB-CF4051951F06}.Debug|Any CPU.Build.0 = Debug|Any CPU
		{B3C3E69D-4C72-E850-87CB-CF4051951F06}.Release|Any CPU.ActiveCfg = Release|Any CPU
		{B3C3E69D-4C72-E850-87CB-CF4051951F06}.Release|Any CPU.Build.0 = Release|Any CPU
	EndGlobalSection
	GlobalSection(SolutionProperties) = preSolution
		HideSolutionNode = FALSE
	EndGlobalSection
	GlobalSection(NestedProjects) = preSolution
		{B3C3E69D-4C72-E850-87CB-CF4051951F06} = {FEA9FF87-631F-B74C-F707-AF1A2A488CC4}
	EndGlobalSection
	GlobalSection(ExtensibilityGlobals) = postSolution
		SolutionGuid = {B2F42A00-7E8A-41DD-A469-BC7E0A93F53A}
	EndGlobalSection
EndGlobal
